
Microsoft Visual Studio Solution File, Format Version 12.00
# Visual Studio Version 16
VisualStudioVersion = 16.0.30907.101
MinimumVisualStudioVersion = 10.0.40219.1
Project("{9A19103F-16F7-4668-BE54-9A1E7A4F7556}") = "MilitaryElite", "MilitaryElite.csproj", "{FACF0D19-2350-49B1-B686-8CD591A3054B}"
EndProject
Global
	GlobalSection(SolutionConfigurationPlatforms) = preSolution
		Debug|Any CPU = Debug|Any CPU
		Release|Any CPU = Release|Any CPU
	EndGlobalSection
	GlobalSection(ProjectConfigurationPlatforms) = postSolution
		{FACF0D19-2350-49B1-B686-8CD591A3054B}.Debug|Any CPU.ActiveCfg = Debug|Any CPU
		{FACF0D19-2350-49B1-B686-8CD591A3054B}.Debug|Any CPU.Build.0 = Debug|Any CPU
		{FACF0D19-2350-49B1-B686-8CD591A3054B}.Release|Any CPU.ActiveCfg = Release|Any CPU
		{FACF0D19-2350-49B1-B686-8CD591A3054B}.Release|Any CPU.Build.0 = Release|Any CPU
	EndGlobalSection
	GlobalSection(SolutionProperties) = preSolution
		HideSolutionNode = FALSE
	EndGlobalSection
	GlobalSection(ExtensibilityGlobals) = postSolution
		SolutionGuid = {3850E751-FEC1-47D1-8DD9-FCDE82182F70}
	EndGlobalSection
EndGlobal
